
Microsoft Visual Studio Solution File, Format Version 12.00
# Visual Studio Version 17
VisualStudioVersion = 17.7.34024.191
MinimumVisualStudioVersion = 10.0.40219.1
Project("{FAE04EC0-301F-11D3-BF4B-00C04F79EFBC}") = "JoliDay", "JoliDay\JoliDay.csproj", "{2BFF0A8E-AA10-42D3-A06A-E738912ACB47}"
EndProject
Global
	GlobalSection(SolutionConfigurationPlatforms) = preSolution
		Debug|Any CPU = Debug|Any CPU
		Release|Any CPU = Release|Any CPU
	EndGlobalSection
	GlobalSection(ProjectConfigurationPlatforms) = postSolution
		{2BFF0A8E-AA10-42D3-A06A-E738912ACB47}.Debug|Any CPU.ActiveCfg = Debug|Any CPU
		{2BFF0A8E-AA10-42D3-A06A-E738912ACB47}.Debug|Any CPU.Build.0 = Debug|Any CPU
		{2BFF0A8E-AA10-42D3-A06A-E738912ACB47}.Release|Any CPU.ActiveCfg = Release|Any CPU
		{2BFF0A8E-AA10-42D3-A06A-E738912ACB47}.Release|Any CPU.Build.0 = Release|Any CPU
	EndGlobalSection
	GlobalSection(SolutionProperties) = preSolution
		HideSolutionNode = FALSE
	EndGlobalSection
	GlobalSection(ExtensibilityGlobals) = postSolution
		SolutionGuid = {D27DFD97-19C9-47FC-8193-727481EC3BD0}
	EndGlobalSection
EndGlobal
